// !$*UTF8*$!
{
	archiveVersion = 1;
	classes = {
	};
	objectVersion = 46;
	objects = {

/* Begin PBXBuildFile section */
		6B5BCB8D1F1DC96400506095 /* AppDelegate.swift in Sources */ = {isa = PBXBuildFile; fileRef = 6B5BCB8C1F1DC96400506095 /* AppDelegate.swift */; };
		6B5BCB8F1F1DC96400506095 /* ViewController.swift in Sources */ = {isa = PBXBuildFile; fileRef = 6B5BCB8E1F1DC96400506095 /* ViewController.swift */; };
		6B5BCB921F1DC96400506095 /* Main.storyboard in Resources */ = {isa = PBXBuildFile; fileRef = 6B5BCB901F1DC96400506095 /* Main.storyboard */; };
		6B5BCB941F1DC96400506095 /* Assets.xcassets in Resources */ = {isa = PBXBuildFile; fileRef = 6B5BCB931F1DC96400506095 /* Assets.xcassets */; };
		6B5BCB971F1DC96400506095 /* LaunchScreen.storyboard in Resources */ = {isa = PBXBuildFile; fileRef = 6B5BCB951F1DC96400506095 /* LaunchScreen.storyboard */; };
		E9FBB92D65344C14A29B75EC /* Pods_TandCandP.framework in Frameworks */ = {isa = PBXBuildFile; fileRef = 0B94CD37E312EA59178319F1 /* Pods_TandCandP.framework */; };
/* End PBXBuildFile section */

/* Begin PBXFileReference section */
		05A04DD5F3BAAA751B6FC812 /* Pods-TandCandP.debug.xcconfig */ = {isa = PBXFileReference; includeInIndex = 1; lastKnownFileType = text.xcconfig; name = "Pods-TandCandP.debug.xcconfig"; path = "Pods/Target Support Files/Pods-TandCandP/Pods-TandCandP.debug.xcconfig"; sourceTree = "<group>"; };
		090D3DD4D4970DA91692EF3F /* Pods-TandCandP.release.xcconfig */ = {isa = PBXFileReference; includeInIndex = 1; lastKnownFileType = text.xcconfig; name = "Pods-TandCandP.release.xcconfig"; path = "Pods/Target Support Files/Pods-TandCandP/Pods-TandCandP.release.xcconfig"; sourceTree = "<group>"; };
		0B94CD37E312EA59178319F1 /* Pods_TandCandP.framework */ = {isa = PBXFileReference; explicitFileType = wrapper.framework; includeInIndex = 0; path = Pods_TandCandP.framework; sourceTree = BUILT_PRODUCTS_DIR; };
		6B5BCB891F1DC96400506095 /* TandCandP.app */ = {isa = PBXFileReference; explicitFileType = wrapper.application; includeInIndex = 0; path = TandCandP.app; sourceTree = BUILT_PRODUCTS_DIR; };
		6B5BCB8C1F1DC96400506095 /* AppDelegate.swift */ = {isa = PBXFileReference; lastKnownFileType = sourcecode.swift; path = AppDelegate.swift; sourceTree = "<group>"; };
		6B5BCB8E1F1DC96400506095 /* ViewController.swift */ = {isa = PBXFileReference; lastKnownFileType = sourcecode.swift; path = ViewController.swift; sourceTree = "<group>"; };
		6B5BCB911F1DC96400506095 /* Base */ = {isa = PBXFileReference; lastKnownFileType = file.storyboard; name = Base; path = Base.lproj/Main.storyboard; sourceTree = "<group>"; };
		6B5BCB931F1DC96400506095 /* Assets.xcassets */ = {isa = PBXFileReference; lastKnownFileType = folder.assetcatalog; path = Assets.xcassets; sourceTree = "<group>"; };
		6B5BCB961F1DC96400506095 /* Base */ = {isa = PBXFileReference; lastKnownFileType = file.storyboard; name = Base; path = Base.lproj/LaunchScreen.storyboard; sourceTree = "<group>"; };
		6B5BCB981F1DC96400506095 /* Info.plist */ = {isa = PBXFileReference; lastKnownFileType = text.plist.xml; path = Info.plist; sourceTree = "<group>"; };
/* End PBXFileReference section */

/* Begin PBXFrameworksBuildPhase section */
		6B5BCB861F1DC96300506095 /* Frameworks */ = {
			isa = PBXFrameworksBuildPhase;
			buildActionMask = 2147483647;
			files = (
				E9FBB92D65344C14A29B75EC /* Pods_TandCandP.framework in Frameworks */,
			);
			runOnlyForDeploymentPostprocessing = 0;
		};
/* End PBXFrameworksBuildPhase section */

/* Begin PBXGroup section */
		14FBCB5AAE23DB2256AF7E5A /* Pods */ = {
			isa = PBXGroup;
			children = (
				05A04DD5F3BAAA751B6FC812 /* Pods-TandCandP.debug.xcconfig */,
				090D3DD4D4970DA91692EF3F /* Pods-TandCandP.release.xcconfig */,
			);
			name = Pods;
			sourceTree = "<group>";
		};
		6B5BCB801F1DC96300506095 = {
			isa = PBXGroup;
			children = (
				6B5BCB8B1F1DC96400506095 /* TandCandP */,
				6B5BCB8A1F1DC96400506095 /* Products */,
				14FBCB5AAE23DB2256AF7E5A /* Pods */,
				BEE7B24F1BACF8EE0F2D84F4 /* Frameworks */,
			);
			sourceTree = "<group>";
		};
		6B5BCB8A1F1DC96400506095 /* Products */ = {
			isa = PBXGroup;
			children = (
				6B5BCB891F1DC96400506095 /* TandCandP.app */,
			);
			name = Products;
			sourceTree = "<group>";
		};
		6B5BCB8B1F1DC96400506095 /* TandCandP */ = {
			isa = PBXGroup;
			children = (
				6B5BCB8C1F1DC96400506095 /* AppDelegate.swift */,
				6B5BCB8E1F1DC96400506095 /* ViewController.swift */,
				6B5BCB901F1DC96400506095 /* Main.storyboard */,
				6B5BCB931F1DC96400506095 /* Assets.xcassets */,
				6B5BCB951F1DC96400506095 /* LaunchScreen.storyboard */,
				6B5BCB981F1DC96400506095 /* Info.plist */,
			);
			path = TandCandP;
			sourceTree = "<group>";
		};
		BEE7B24F1BACF8EE0F2D84F4 /* Frameworks */ = {
			isa = PBXGroup;
			children = (
				0B94CD37E312EA59178319F1 /* Pods_TandCandP.framework */,
			);
			name = Frameworks;
			sourceTree = "<group>";
		};
/* End PBXGroup section */

/* Begin PBXNativeTarget section */
		6B5BCB881F1DC96300506095 /* TandCandP */ = {
			isa = PBXNativeTarget;
			buildConfigurationList = 6B5BCB9B1F1DC96400506095 /* Build configuration list for PBXNativeTarget "TandCandP" */;
			buildPhases = (
				4256F185EA5C6CD1DAFA7474 /* [CP] Check Pods Manifest.lock */,
				6B5BCB851F1DC96300506095 /* Sources */,
				6B5BCB861F1DC96300506095 /* Frameworks */,
				6B5BCB871F1DC96300506095 /* Resources */,
				2E7FF97CDEB56B536FB66A4C /* [CP] Embed Pods Frameworks */,
				C9872C8E07A41398882423FD /* [CP] Copy Pods Resources */,
			);
			buildRules = (
			);
			dependencies = (
			);
			name = TandCandP;
			productName = TandCandP;
			productReference = 6B5BCB891F1DC96400506095 /* TandCandP.app */;
			productType = "com.apple.product-type.application";
		};
/* End PBXNativeTarget section */

/* Begin PBXProject section */
		6B5BCB811F1DC96300506095 /* Project object */ = {
			isa = PBXProject;
			attributes = {
				LastSwiftUpdateCheck = 0820;
				LastUpgradeCheck = 0820;
				ORGANIZATIONNAME = "Dang Quoc Huy";
				TargetAttributes = {
					6B5BCB881F1DC96300506095 = {
						CreatedOnToolsVersion = 8.2.1;
						ProvisioningStyle = Automatic;
					};
				};
			};
			buildConfigurationList = 6B5BCB841F1DC96300506095 /* Build configuration list for PBXProject "TandCandP" */;
			compatibilityVersion = "Xcode 3.2";
			developmentRegion = English;
			hasScannedForEncodings = 0;
			knownRegions = (
				en,
				Base,
			);
			mainGroup = 6B5BCB801F1DC96300506095;
			productRefGroup = 6B5BCB8A1F1DC96400506095 /* Products */;
			projectDirPath = "";
			projectRoot = "";
			targets = (
				6B5BCB881F1DC96300506095 /* TandCandP */,
			);
		};
/* End PBXProject section */

/* Begin PBXResourcesBuildPhase section */
		6B5BCB871F1DC96300506095 /* Resources */ = {
			isa = PBXResourcesBuildPhase;
			buildActionMask = 2147483647;
			files = (
				6B5BCB971F1DC96400506095 /* LaunchScreen.storyboard in Resources */,
				6B5BCB941F1DC96400506095 /* Assets.xcassets in Resources */,
				6B5BCB921F1DC96400506095 /* Main.storyboard in Resources */,
			);
			runOnlyForDeploymentPostprocessing = 0;
		};
/* End PBXResourcesBuildPhase section */

/* Begin PBXShellScriptBuildPhase section */
		2E7FF97CDEB56B536FB66A4C /* [CP] Embed Pods Frameworks */ = {
			isa = PBXShellScriptBuildPhase;
			buildActionMask = 2147483647;
			files = (
			);
			inputPaths = (
			);
			name = "[CP] Embed Pods Frameworks";
			outputPaths = (
			);
			runOnlyForDeploymentPostprocessing = 0;
			shellPath = /bin/sh;
			shellScript = "\"${SRCROOT}/Pods/Target Support Files/Pods-TandCandP/Pods-TandCandP-frameworks.sh\"\n";
			showEnvVarsInLog = 0;
		};
		4256F185EA5C6CD1DAFA7474 /* [CP] Check Pods Manifest.lock */ = {
			isa = PBXShellScriptBuildPhase;
			buildActionMask = 2147483647;
			files = (
			);
			inputPaths = (
			);
			name = "[CP] Check Pods Manifest.lock";
			outputPaths = (
			);
			runOnlyForDeploymentPostprocessing = 0;
			shellPath = /bin/sh;
			shellScript = "diff \"${PODS_ROOT}/../Podfile.lock\" \"${PODS_ROOT}/Manifest.lock\" > /dev/null\nif [ $? != 0 ] ; then\n    # print error to STDERR\n    echo \"error: The sandbox is not in sync with the Podfile.lock. Run 'pod install' or update your CocoaPods installation.\" >&2\n    exit 1\nfi\n";
			showEnvVarsInLog = 0;
		};
		C9872C8E07A41398882423FD /* [CP] Copy Pods Resources */ = {
			isa = PBXShellScriptBuildPhase;
			buildActionMask = 2147483647;
			files = (
			);
			inputPaths = (
			);
			name = "[CP] Copy Pods Resources";
			outputPaths = (
			);
			runOnlyForDeploymentPostprocessing = 0;
			shellPath = /bin/sh;
			shellScript = "\"${SRCROOT}/Pods/Target Support Files/Pods-TandCandP/Pods-TandCandP-resources.sh\"\n";
			showEnvVarsInLog = 0;
		};
/* End PBXShellScriptBuildPhase section */

/* Begin PBXSourcesBuildPhase section */
		6B5BCB851F1DC96300506095 /* Sources */ = {
			isa = PBXSourcesBuildPhase;
			buildActionMask = 2147483647;
			files = (
				6B5BCB8F1F1DC96400506095 /* ViewController.swift in Sources */,
				6B5BCB8D1F1DC96400506095 /* AppDelegate.swift in Sources */,
			);
			runOnlyForDeploymentPostprocessing = 0;
		};
/* End PBXSourcesBuildPhase section */

/* Begin PBXVariantGroup section */
		6B5BCB901F1DC96400506095 /* Main.storyboard */ = {
			isa = PBXVariantGroup;
			children = (
				6B5BCB911F1DC96400506095 /* Base */,
			);
			name = Main.storyboard;
			sourceTree = "<group>";
		};
		6B5BCB951F1DC96400506095 /* LaunchScreen.storyboard */ = {
			isa = PBXVariantGroup;
			children = (
				6B5BCB961F1DC96400506095 /* Base */,
			);
			name = LaunchScreen.storyboard;
			sourceTree = "<group>";
		};
/* End PBXVariantGroup section */

/* Begin XCBuildConfiguration section */
		6B5BCB991F1DC96400506095 /* Debug */ = {
			isa = XCBuildConfiguration;
			buildSettings = {
				ALWAYS_SEARCH_USER_PATHS = NO;
				CLANG_ANALYZER_NONNULL = YES;
				CLANG_CXX_LANGUAGE_STANDARD = "gnu++0x";
				CLANG_CXX_LIBRARY = "libc++";
				CLANG_ENABLE_MODULES = YES;
				CLANG_ENABLE_OBJC_ARC = YES;
				CLANG_WARN_BOOL_CONVERSION = YES;
				CLANG_WARN_CONSTANT_CONVERSION = YES;
				CLANG_WARN_DIRECT_OBJC_ISA_USAGE = YES_ERROR;
				CLANG_WARN_DOCUMENTATION_COMMENTS = YES;
				CLANG_WARN_EMPTY_BODY = YES;
				CLANG_WARN_ENUM_CONVERSION = YES;
				CLANG_WARN_INFINITE_RECURSION = YES;
				CLANG_WARN_INT_CONVERSION = YES;
				CLANG_WARN_OBJC_ROOT_CLASS = YES_ERROR;
				CLANG_WARN_SUSPICIOUS_MOVE = YES;
				CLANG_WARN_UNREACHABLE_CODE = YES;
				CLANG_WARN__DUPLICATE_METHOD_MATCH = YES;
				"CODE_SIGN_IDENTITY[sdk=iphoneos*]" = "iPhone Developer";
				COPY_PHASE_STRIP = NO;
				DEBUG_INFORMATION_FORMAT = dwarf;
				ENABLE_STRICT_OBJC_MSGSEND = YES;
				ENABLE_TESTABILITY = YES;
				GCC_C_LANGUAGE_STANDARD = gnu99;
				GCC_DYNAMIC_NO_PIC = NO;
				GCC_NO_COMMON_BLOCKS = YES;
				GCC_OPTIMIZATION_LEVEL = 0;
				GCC_PREPROCESSOR_DEFINITIONS = (
					"DEBUG=1",
					"$(inherited)",
				);
				GCC_WARN_64_TO_32_BIT_CONVERSION = YES;
				GCC_WARN_ABOUT_RETURN_TYPE = YES_ERROR;
				GCC_WARN_UNDECLARED_SELECTOR = YES;
				GCC_WARN_UNINITIALIZED_AUTOS = YES_AGGRESSIVE;
				GCC_WARN_UNUSED_FUNCTION = YES;
				GCC_WARN_UNUSED_VARIABLE = YES;
				IPHONEOS_DEPLOYMENT_TARGET = 10.2;
				MTL_ENABLE_DEBUG_INFO = YES;
				ONLY_ACTIVE_ARCH = YES;
				SDKROOT = iphoneos;
				SWIFT_ACTIVE_COMPILATION_CONDITIONS = DEBUG;
				SWIFT_OPTIMIZATION_LEVEL = "-Onone";
			};
			name = Debug;
		};
		6B5BCB9A1F1DC96400506095 /* Release */ = {
			isa = XCBuildConfiguration;
			buildSettings = {
				ALWAYS_SEARCH_USER_PATHS = NO;
				CLANG_ANALYZER_NONNULL = YES;
				CLANG_CXX_LANGUAGE_STANDARD = "gnu++0x";
				CLANG_CXX_LIBRARY = "libc++";
				CLANG_ENABLE_MODULES = YES;
				CLANG_ENABLE_OBJC_ARC = YES;
				CLANG_WARN_BOOL_CONVERSION = YES;
				CLANG_WARN_CONSTANT_CONVERSION = YES;
				CLANG_WARN_DIRECT_OBJC_ISA_USAGE = YES_ERROR;
				CLANG_WARN_DOCUMENTATION_COMMENTS = YES;
				CLANG_WARN_EMPTY_BODY = YES;
				CLANG_WARN_ENUM_CONVERSION = YES;
				CLANG_WARN_INFINITE_RECURSION = YES;
				CLANG_WARN_INT_CONVERSION = YES;
				CLANG_WARN_OBJC_ROOT_CLASS = YES_ERROR;
				CLANG_WARN_SUSPICIOUS_MOVE = YES;
				CLANG_WARN_UNREACHABLE_CODE = YES;
				CLANG_WARN__DUPLICATE_METHOD_MATCH = YES;
				"CODE_SIGN_IDENTITY[sdk=iphoneos*]" = "iPhone Developer";
				COPY_PHASE_STRIP = NO;
				DEBUG_INFORMATION_FORMAT = "dwarf-with-dsym";
				ENABLE_NS_ASSERTIONS = NO;
				ENABLE_STRICT_OBJC_MSGSEND = YES;
				GCC_C_LANGUAGE_STANDARD = gnu99;
				GCC_NO_COMMON_BLOCKS = YES;
				GCC_WARN_64_TO_32_BIT_CONVERSION = YES;
				GCC_WARN_ABOUT_RETURN_TYPE = YES_ERROR;
				GCC_WARN_UNDECLARED_SELECTOR = YES;
				GCC_WARN_UNINITIALIZED_AUTOS = YES_AGGRESSIVE;
				GCC_WARN_UNUSED_FUNCTION = YES;
				GCC_WARN_UNUSED_VARIABLE = YES;
				IPHONEOS_DEPLOYMENT_TARGET = 10.2;
				MTL_ENABLE_DEBUG_INFO = NO;
				SDKROOT = iphoneos;
				SWIFT_OPTIMIZATION_LEVEL = "-Owholemodule";
				VALIDATE_PRODUCT = YES;
			};
			name = Release;
		};
		6B5BCB9C1F1DC96400506095 /* Debug */ = {
			isa = XCBuildConfiguration;
			baseConfigurationReference = 05A04DD5F3BAAA751B6FC812 /* Pods-TandCandP.debug.xcconfig */;
			buildSettings = {
				ASSETCATALOG_COMPILER_APPICON_NAME = AppIcon;
				INFOPLIST_FILE = TandCandP/Info.plist;
				LD_RUNPATH_SEARCH_PATHS = "$(inherited) @executable_path/Frameworks";
				PRODUCT_BUNDLE_IDENTIFIER = huy.dang.quoc.TandCandP;
				PRODUCT_NAME = "$(TARGET_NAME)";
				SWIFT_VERSION = 3.0;
			};
			name = Debug;
		};
		6B5BCB9D1F1DC96400506095 /* Release */ = {
			isa = XCBuildConfiguration;
			baseConfigurationReference = 090D3DD4D4970DA91692EF3F /* Pods-TandCandP.release.xcconfig */;
			buildSettings = {
				ASSETCATALOG_COMPILER_APPICON_NAME = AppIcon;
				INFOPLIST_FILE = TandCandP/Info.plist;
				LD_RUNPATH_SEARCH_PATHS = "$(inherited) @executable_path/Frameworks";
				PRODUCT_BUNDLE_IDENTIFIER = huy.dang.quoc.TandCandP;
				PRODUCT_NAME = "$(TARGET_NAME)";
				SWIFT_VERSION = 3.0;
			};
			name = Release;
		};
/* End XCBuildConfiguration section */

/* Begin XCConfigurationList section */
		6B5BCB841F1DC96300506095 /* Build configuration list for PBXProject "TandCandP" */ = {
			isa = XCConfigurationList;
			buildConfigurations = (
				6B5BCB991F1DC96400506095 /* Debug */,
				6B5BCB9A1F1DC96400506095 /* Release */,
			);
			defaultConfigurationIsVisible = 0;
			defaultConfigurationName = Release;
		};
		6B5BCB9B1F1DC96400506095 /* Build configuration list for PBXNativeTarget "TandCandP" */ = {
			isa = XCConfigurationList;
			buildConfigurations = (
				6B5BCB9C1F1DC96400506095 /* Debug */,
				6B5BCB9D1F1DC96400506095 /* Release */,
			);
			defaultConfigurationIsVisible = 0;
		};
/* End XCConfigurationList section */
	};
	rootObject = 6B5BCB811F1DC96300506095 /* Project object */;
}
